
Microsoft Visual Studio Solution File, Format Version 12.00
# Visual Studio Version 16
VisualStudioVersion = 16.0.32002.261
MinimumVisualStudioVersion = 10.0.40219.1
Project("{2150E333-8FDC-42A3-9474-1A3956D46DE8}") = "Doc", "Doc", "{21665750-C9FC-4E11-8F93-CDE7BF13F36E}"
EndProject
Project("{2150E333-8FDC-42A3-9474-1A3956D46DE8}") = "Src", "Src", "{B392137D-970D-4CF6-899E-04152193E3CF}"
EndProject
Project("{2150E333-8FDC-42A3-9474-1A3956D46DE8}") = "Test", "Test", "{77A41369-D334-45CC-BEE5-1F975A97BFA8}"
EndProject
Project("{2150E333-8FDC-42A3-9474-1A3956D46DE8}") = "Common", "Common", "{4E755B11-30C5-4728-8E3C-9CEA34AC5801}"
EndProject
Project("{2150E333-8FDC-42A3-9474-1A3956D46DE8}") = "Core", "Core", "{2FABF87E-E9EF-4BBB-A0EA-40DEB62B4FC6}"
EndProject
Project("{2150E333-8FDC-42A3-9474-1A3956D46DE8}") = "Infrastructure", "Infrastructure", "{119DFF1C-DD04-4B1E-84D9-C405EFFBA478}"
EndProject
Project("{2150E333-8FDC-42A3-9474-1A3956D46DE8}") = "Peresention", "Peresention", "{45D0290B-F401-4AA1-97ED-82CCB9B5E05C}"
EndProject
Project("{9A19103F-16F7-4668-BE54-9A1E7A4F7556}") = "Common", "Common\Common.csproj", "{BE48FED8-D0E4-4A94-80E1-9EADC903F078}"
EndProject
Project("{9A19103F-16F7-4668-BE54-9A1E7A4F7556}") = "Application", "Application\Application.csproj", "{9B0EBD2A-58DB-4247-A335-71319D078F0A}"
EndProject
Project("{9A19103F-16F7-4668-BE54-9A1E7A4F7556}") = "Domain", "Domain\Domain.csproj", "{C3A40F1D-E0FF-4A13-83E9-CFD14A84298F}"
EndProject
Project("{9A19103F-16F7-4668-BE54-9A1E7A4F7556}") = "IOC", "IOC\IOC.csproj", "{6EDA8824-E7BB-4ADE-9A2B-33283B79156F}"
EndProject
Project("{9A19103F-16F7-4668-BE54-9A1E7A4F7556}") = "Persistence", "Persistence\Persistence.csproj", "{917ABF02-3DE7-431E-BB10-CE969DEC7398}"
EndProject
Project("{9A19103F-16F7-4668-BE54-9A1E7A4F7556}") = "EndPoint", "EndPoint\EndPoint.csproj", "{1282BFAA-B21B-4715-B71D-8368518A441F}"
EndProject
Global
	GlobalSection(SolutionConfigurationPlatforms) = preSolution
		Debug|Any CPU = Debug|Any CPU
		Release|Any CPU = Release|Any CPU
	EndGlobalSection
	GlobalSection(ProjectConfigurationPlatforms) = postSolution
		{BE48FED8-D0E4-4A94-80E1-9EADC903F078}.Debug|Any CPU.ActiveCfg = Debug|Any CPU
		{BE48FED8-D0E4-4A94-80E1-9EADC903F078}.Debug|Any CPU.Build.0 = Debug|Any CPU
		{BE48FED8-D0E4-4A94-80E1-9EADC903F078}.Release|Any CPU.ActiveCfg = Release|Any CPU
		{BE48FED8-D0E4-4A94-80E1-9EADC903F078}.Release|Any CPU.Build.0 = Release|Any CPU
		{9B0EBD2A-58DB-4247-A335-71319D078F0A}.Debug|Any CPU.ActiveCfg = Debug|Any CPU
		{9B0EBD2A-58DB-4247-A335-71319D078F0A}.Debug|Any CPU.Build.0 = Debug|Any CPU
		{9B0EBD2A-58DB-4247-A335-71319D078F0A}.Release|Any CPU.ActiveCfg = Release|Any CPU
		{9B0EBD2A-58DB-4247-A335-71319D078F0A}.Release|Any CPU.Build.0 = Release|Any CPU
		{C3A40F1D-E0FF-4A13-83E9-CFD14A84298F}.Debug|Any CPU.ActiveCfg = Debug|Any CPU
		{C3A40F1D-E0FF-4A13-83E9-CFD14A84298F}.Debug|Any CPU.Build.0 = Debug|Any CPU
		{C3A40F1D-E0FF-4A13-83E9-CFD14A84298F}.Release|Any CPU.ActiveCfg = Release|Any CPU
		{C3A40F1D-E0FF-4A13-83E9-CFD14A84298F}.Release|Any CPU.Build.0 = Release|Any CPU
		{6EDA8824-E7BB-4ADE-9A2B-33283B79156F}.Debug|Any CPU.ActiveCfg = Debug|Any CPU
		{6EDA8824-E7BB-4ADE-9A2B-33283B79156F}.Debug|Any CPU.Build.0 = Debug|Any CPU
		{6EDA8824-E7BB-4ADE-9A2B-33283B79156F}.Release|Any CPU.ActiveCfg = Release|Any CPU
		{6EDA8824-E7BB-4ADE-9A2B-33283B79156F}.Release|Any CPU.Build.0 = Release|Any CPU
		{917ABF02-3DE7-431E-BB10-CE969DEC7398}.Debug|Any CPU.ActiveCfg = Debug|Any CPU
		{917ABF02-3DE7-431E-BB10-CE969DEC7398}.Debug|Any CPU.Build.0 = Debug|Any CPU
		{917ABF02-3DE7-431E-BB10-CE969DEC7398}.Release|Any CPU.ActiveCfg = Release|Any CPU
		{917ABF02-3DE7-431E-BB10-CE969DEC7398}.Release|Any CPU.Build.0 = Release|Any CPU
		{1282BFAA-B21B-4715-B71D-8368518A441F}.Debug|Any CPU.ActiveCfg = Debug|Any CPU
		{1282BFAA-B21B-4715-B71D-8368518A441F}.Debug|Any CPU.Build.0 = Debug|Any CPU
		{1282BFAA-B21B-4715-B71D-8368518A441F}.Release|Any CPU.ActiveCfg = Release|Any CPU
		{1282BFAA-B21B-4715-B71D-8368518A441F}.Release|Any CPU.Build.0 = Release|Any CPU
	EndGlobalSection
	GlobalSection(SolutionProperties) = preSolution
		HideSolutionNode = FALSE
	EndGlobalSection
	GlobalSection(NestedProjects) = preSolution
		{4E755B11-30C5-4728-8E3C-9CEA34AC5801} = {B392137D-970D-4CF6-899E-04152193E3CF}
		{2FABF87E-E9EF-4BBB-A0EA-40DEB62B4FC6} = {B392137D-970D-4CF6-899E-04152193E3CF}
		{119DFF1C-DD04-4B1E-84D9-C405EFFBA478} = {B392137D-970D-4CF6-899E-04152193E3CF}
		{45D0290B-F401-4AA1-97ED-82CCB9B5E05C} = {B392137D-970D-4CF6-899E-04152193E3CF}
		{BE48FED8-D0E4-4A94-80E1-9EADC903F078} = {4E755B11-30C5-4728-8E3C-9CEA34AC5801}
		{9B0EBD2A-58DB-4247-A335-71319D078F0A} = {2FABF87E-E9EF-4BBB-A0EA-40DEB62B4FC6}
		{C3A40F1D-E0FF-4A13-83E9-CFD14A84298F} = {2FABF87E-E9EF-4BBB-A0EA-40DEB62B4FC6}
		{6EDA8824-E7BB-4ADE-9A2B-33283B79156F} = {119DFF1C-DD04-4B1E-84D9-C405EFFBA478}
		{917ABF02-3DE7-431E-BB10-CE969DEC7398} = {119DFF1C-DD04-4B1E-84D9-C405EFFBA478}
		{1282BFAA-B21B-4715-B71D-8368518A441F} = {45D0290B-F401-4AA1-97ED-82CCB9B5E05C}
	EndGlobalSection
	GlobalSection(ExtensibilityGlobals) = postSolution
		SolutionGuid = {FB259554-D33E-409D-8D7D-0539470D0F85}
	EndGlobalSection
EndGlobal
